{
    "_readme": [
        "This file locks the dependencies of your project to a known state",
        "Read more about it at https://getcomposer.org/doc/01-basic-usage.md#installing-dependencies",
        "This file is @generated automatically"
    ],
    "content-hash": "ff52d0520890eb6e99a07a1d9330e8cb",
    "packages": [
        {
            "name": "altorouter/altorouter",
            "version": "2.0.2",
            "source": {
                "type": "git",
                "url": "https://github.com/dannyvankooten/AltoRouter.git",
                "reference": "f6fede4f94ced7c22ba63a9b8af0bf2dc38e3cb2"
            },
            "dist": {
                "type": "zip",
                "url": "https://api.github.com/repos/dannyvankooten/AltoRouter/zipball/f6fede4f94ced7c22ba63a9b8af0bf2dc38e3cb2",
                "reference": "f6fede4f94ced7c22ba63a9b8af0bf2dc38e3cb2",
                "shasum": ""
            },
            "require": {
                "php": ">=5.6.0"
            },
            "require-dev": {
                "codeclimate/php-test-reporter": "dev-master",
                "phpunit/phpunit": "5.7.*",
                "squizlabs/php_codesniffer": "3.4.2"
            },
            "type": "library",
            "autoload": {
                "classmap": [
                    "AltoRouter.php"
                ]
            },
            "notification-url": "https://packagist.org/downloads/",
            "license": [
                "MIT"
            ],
            "authors": [
                {
                    "name": "Danny van Kooten",
                    "email": "dannyvankooten@gmail.com",
                    "homepage": "http://dannyvankooten.com/"
                },
                {
                    "name": "Koen Punt",
                    "homepage": "https://github.com/koenpunt"
                },
                {
                    "name": "niahoo",
                    "homepage": "https://github.com/niahoo"
                }
            ],
            "description": "A lightning fast router for PHP",
            "homepage": "https://github.com/dannyvankooten/AltoRouter",
            "keywords": [
                "lightweight",
                "router",
                "routing"
            ],
            "support": {
                "issues": "https://github.com/dannyvankooten/AltoRouter/issues",
                "source": "https://github.com/dannyvankooten/AltoRouter/tree/2.0.2"
            },
            "time": "2020-03-09T08:34:59+00:00"
        },
        {
            "name": "thunderer/shortcode",
            "version": "v0.7.4",
            "source": {
                "type": "git",
                "url": "https://github.com/thunderer/Shortcode.git",
                "reference": "79a219febd774ba1ee66a2992fee1145b4367561"
            },
            "dist": {
                "type": "zip",
                "url": "https://api.github.com/repos/thunderer/Shortcode/zipball/79a219febd774ba1ee66a2992fee1145b4367561",
                "reference": "79a219febd774ba1ee66a2992fee1145b4367561",
                "shasum": ""
            },
            "require": {
                "php": ">=5.3"
            },
            "require-dev": {
                "phpunit/phpunit": ">=4.1",
                "symfony/yaml": ">=2.0"
            },
            "suggest": {
                "ext-dom": "if you want to use XML serializer",
                "ext-json": "if you want to use JSON serializer",
                "symfony/yaml": "if you want to use YAML serializer"
            },
            "type": "library",
            "autoload": {
                "psr-4": {
                    "Thunder\\Shortcode\\": "src/"
                }
            },
            "notification-url": "https://packagist.org/downloads/",
            "license": [
                "MIT"
            ],
            "authors": [
                {
                    "name": "Tomasz Kowalczyk",
                    "email": "tomasz@kowalczyk.cc"
                }
            ],
            "description": "Advanced shortcode (BBCode) parser and engine for PHP",
            "keywords": [
                "bbcode",
                "engine",
                "library",
                "parser",
                "shortcode"
            ],
            "support": {
                "issues": "https://github.com/thunderer/Shortcode/issues",
                "source": "https://github.com/thunderer/Shortcode/tree/v0.7.4"
            },
            "time": "2020-03-08T11:25:13+00:00"
        }
    ],
    "packages-dev": [],
    "aliases": [],
    "minimum-stability": "stable",
    "stability-flags": [],
    "prefer-stable": false,
    "prefer-lowest": false,
    "platform": {
        "php": "^8.0.0"
    },
    "platform-dev": [],
    "plugin-api-version": "2.1.0"
}
